<?xml version="1.0" encoding="UTF-8"?>
<Scheme
   LastUpgradeVersion = "1640"
   version = "1.3">
   <BuildAction
      parallelizeBuildables = "YES"
      buildImplicitDependencies = "YES">
      <BuildActionEntries>
         <BuildActionEntry
            buildForTesting = "YES"
            buildForRunning = "YES"
            buildForProfiling = "YES"
            buildForArchiving = "YES"
            buildForAnalyzing = "YES">
            <BuildableReference
               BuildableIdentifier = "primary"
               BlueprintIdentifier = "2A2BB07E1AD6966500F7DED2"
               BuildableName = "&#x7d4c;&#x8def;&#x904b;&#x8cc3;&#x55b6;&#x696d;&#x30ad;&#x30ed;&#x8a08;&#x7b97;&#x30a2;&#x30d5;&#x309a;&#x30ea;.app"
               BlueprintName = "Farert"
               ReferencedContainer = "container:Farert.xcodeproj">
            </BuildableReference>
         </BuildActionEntry>
      </BuildActionEntries>
   </BuildAction>
   <TestAction
      buildConfiguration = "Debug"
      selectedDebuggerIdentifier = "Xcode.DebuggerFoundation.Debugger.LLDB"
      selectedLauncherIdentifier = "Xcode.DebuggerFoundation.Launcher.LLDB"
      shouldUseLaunchSchemeArgsEnv = "YES">
      <Testables>
      </Testables>
   </TestAction>
   <LaunchAction
      buildConfiguration = "Debug"
      selectedDebuggerIdentifier = "Xcode.DebuggerFoundation.Debugger.LLDB"
      selectedLauncherIdentifier = "Xcode.DebuggerFoundation.Launcher.LLDB"
      launchStyle = "0"
      useCustomWorkingDirectory = "NO"
      ignoresPersistentStateOnLaunch = "NO"
      debugDocumentVersioning = "YES"
      debugServiceExtension = "internal"
      allowLocationSimulation = "YES">
      <BuildableProductRunnable
         runnableDebuggingMode = "0">
         <BuildableReference
            BuildableIdentifier = "primary"
            BlueprintIdentifier = "2A2BB07E1AD6966500F7DED2"
            BuildableName = "&#x7d4c;&#x8def;&#x904b;&#x8cc3;&#x55b6;&#x696d;&#x30ad;&#x30ed;&#x8a08;&#x7b97;&#x30a2;&#x30d5;&#x309a;&#x30ea;.app"
            BlueprintName = "Farert"
            ReferencedContainer = "container:Farert.xcodeproj">
         </BuildableReference>
      </BuildableProductRunnable>
   </LaunchAction>
   <ProfileAction
      buildConfiguration = "Release"
      shouldUseLaunchSchemeArgsEnv = "YES"
      savedToolIdentifier = ""
      useCustomWorkingDirectory = "NO"
      debugDocumentVersioning = "YES">
      <BuildableProductRunnable
         runnableDebuggingMode = "0">
         <BuildableReference
            BuildableIdentifier = "primary"
            BlueprintIdentifier = "2A2BB07E1AD6966500F7DED2"
            BuildableName = "&#x7d4c;&#x8def;&#x904b;&#x8cc3;&#x55b6;&#x696d;&#x30ad;&#x30ed;&#x8a08;&#x7b97;&#x30a2;&#x30d5;&#x309a;&#x30ea;.app"
            BlueprintName = "Farert"
            ReferencedContainer = "container:Farert.xcodeproj">
         </BuildableReference>
      </BuildableProductRunnable>
   </ProfileAction>
   <AnalyzeAction
      buildConfiguration = "Debug">
   </AnalyzeAction>
   <ArchiveAction
      buildConfiguration = "Release"
      revealArchiveInOrganizer = "YES">
   </ArchiveAction>
</Scheme>
